Microsoft Visual Studio Solution File, Format Version 12.00
# Visual Studio Version 17
VisualStudioVersion = 17.5.2.0
MinimumVisualStudioVersion = 10.0.40219.1
Project("{FAE04EC0-301F-11D3-BF4B-00C04F79EFBC}") = "BatteryWattWidget", "BatteryWattWidget.csproj", "{976430A7-FB76-D41C-9389-A3658BE1ADAB}"
EndProject
Global
	GlobalSection(SolutionConfigurationPlatforms) = preSolution
		Debug|Any CPU = Debug|Any CPU
		Release|Any CPU = Release|Any CPU
	EndGlobalSection
	GlobalSection(ProjectConfigurationPlatforms) = postSolution
		{976430A7-FB76-D41C-9389-A3658BE1ADAB}.Debug|Any CPU.ActiveCfg = Debug|Any CPU
		{976430A7-FB76-D41C-9389-A3658BE1ADAB}.Debug|Any CPU.Build.0 = Debug|Any CPU
		{976430A7-FB76-D41C-9389-A3658BE1ADAB}.Release|Any CPU.ActiveCfg = Release|Any CPU
		{976430A7-FB76-D41C-9389-A3658BE1ADAB}.Release|Any CPU.Build.0 = Release|Any CPU
	EndGlobalSection
	GlobalSection(SolutionProperties) = preSolution
		HideSolutionNode = FALSE
	EndGlobalSection
	GlobalSection(ExtensibilityGlobals) = postSolution
		SolutionGuid = {5B31D72D-9DA3-4483-8DFC-E2119EC59284}
	EndGlobalSection
EndGlobal
